
Microsoft Visual Studio Solution File, Format Version 12.00
# Visual Studio Version 16
VisualStudioVersion = 16.0.31229.75
MinimumVisualStudioVersion = 10.0.40219.1
Project("{9A19103F-16F7-4668-BE54-9A1E7A4F7556}") = "TreatLines", "TreatLines\TreatLines.csproj", "{AB240C62-02D4-4713-8907-A2ACCABB77F5}"
EndProject
Project("{9A19103F-16F7-4668-BE54-9A1E7A4F7556}") = "TreatLines.DAL", "TreatLines.DAL\TreatLines.DAL.csproj", "{34421C41-B61C-4AE8-9E83-C7C71CD5C98B}"
EndProject
Project("{FAE04EC0-301F-11D3-BF4B-00C04F79EFBC}") = "TreatLines.BLL", "TreatLines.BLL\TreatLines.BLL.csproj", "{43923047-8742-40FB-937A-EE398A3C19B9}"
EndProject
Global
	GlobalSection(SolutionConfigurationPlatforms) = preSolution
		Debug|Any CPU = Debug|Any CPU
		Release|Any CPU = Release|Any CPU
	EndGlobalSection
	GlobalSection(ProjectConfigurationPlatforms) = postSolution
		{AB240C62-02D4-4713-8907-A2ACCABB77F5}.Debug|Any CPU.ActiveCfg = Debug|Any CPU
		{AB240C62-02D4-4713-8907-A2ACCABB77F5}.Debug|Any CPU.Build.0 = Debug|Any CPU
		{AB240C62-02D4-4713-8907-A2ACCABB77F5}.Release|Any CPU.ActiveCfg = Release|Any CPU
		{AB240C62-02D4-4713-8907-A2ACCABB77F5}.Release|Any CPU.Build.0 = Release|Any CPU
		{34421C41-B61C-4AE8-9E83-C7C71CD5C98B}.Debug|Any CPU.ActiveCfg = Debug|Any CPU
		{34421C41-B61C-4AE8-9E83-C7C71CD5C98B}.Debug|Any CPU.Build.0 = Debug|Any CPU
		{34421C41-B61C-4AE8-9E83-C7C71CD5C98B}.Release|Any CPU.ActiveCfg = Release|Any CPU
		{34421C41-B61C-4AE8-9E83-C7C71CD5C98B}.Release|Any CPU.Build.0 = Release|Any CPU
		{43923047-8742-40FB-937A-EE398A3C19B9}.Debug|Any CPU.ActiveCfg = Debug|Any CPU
		{43923047-8742-40FB-937A-EE398A3C19B9}.Debug|Any CPU.Build.0 = Debug|Any CPU
		{43923047-8742-40FB-937A-EE398A3C19B9}.Release|Any CPU.ActiveCfg = Release|Any CPU
		{43923047-8742-40FB-937A-EE398A3C19B9}.Release|Any CPU.Build.0 = Release|Any CPU
	EndGlobalSection
	GlobalSection(SolutionProperties) = preSolution
		HideSolutionNode = FALSE
	EndGlobalSection
	GlobalSection(ExtensibilityGlobals) = postSolution
		SolutionGuid = {CB388E4B-5552-462E-8208-ACE4644A7F84}
	EndGlobalSection
EndGlobal
